
Microsoft Visual Studio Solution File, Format Version 12.00
# Visual Studio Version 17
VisualStudioVersion = 17.7.34024.191
MinimumVisualStudioVersion = 10.0.40219.1
Project("{FAE04EC0-301F-11D3-BF4B-00C04F79EFBC}") = "Assignment", "Assignment\Assignment.csproj", "{E44499EF-1C3A-42B8-B753-F58374287FB4}"
EndProject
Project("{FAE04EC0-301F-11D3-BF4B-00C04F79EFBC}") = "Assignment1Ex2", "Assignment1Ex2\Assignment1Ex2.csproj", "{54DFE9F3-0489-46C8-84BB-2F82DB00086A}"
EndProject
Project("{FAE04EC0-301F-11D3-BF4B-00C04F79EFBC}") = "Assignment2", "Assignment2\Assignment2.csproj", "{FE93B8FD-59D7-49B0-9F6A-9F2E24129451}"
EndProject
Global
	GlobalSection(SolutionConfigurationPlatforms) = preSolution
		Debug|Any CPU = Debug|Any CPU
		Release|Any CPU = Release|Any CPU
	EndGlobalSection
	GlobalSection(ProjectConfigurationPlatforms) = postSolution
		{E44499EF-1C3A-42B8-B753-F58374287FB4}.Debug|Any CPU.ActiveCfg = Debug|Any CPU
		{E44499EF-1C3A-42B8-B753-F58374287FB4}.Debug|Any CPU.Build.0 = Debug|Any CPU
		{E44499EF-1C3A-42B8-B753-F58374287FB4}.Release|Any CPU.ActiveCfg = Release|Any CPU
		{E44499EF-1C3A-42B8-B753-F58374287FB4}.Release|Any CPU.Build.0 = Release|Any CPU
		{54DFE9F3-0489-46C8-84BB-2F82DB00086A}.Debug|Any CPU.ActiveCfg = Debug|Any CPU
		{54DFE9F3-0489-46C8-84BB-2F82DB00086A}.Debug|Any CPU.Build.0 = Debug|Any CPU
		{54DFE9F3-0489-46C8-84BB-2F82DB00086A}.Release|Any CPU.ActiveCfg = Release|Any CPU
		{54DFE9F3-0489-46C8-84BB-2F82DB00086A}.Release|Any CPU.Build.0 = Release|Any CPU
		{FE93B8FD-59D7-49B0-9F6A-9F2E24129451}.Debug|Any CPU.ActiveCfg = Debug|Any CPU
		{FE93B8FD-59D7-49B0-9F6A-9F2E24129451}.Debug|Any CPU.Build.0 = Debug|Any CPU
		{FE93B8FD-59D7-49B0-9F6A-9F2E24129451}.Release|Any CPU.ActiveCfg = Release|Any CPU
		{FE93B8FD-59D7-49B0-9F6A-9F2E24129451}.Release|Any CPU.Build.0 = Release|Any CPU
	EndGlobalSection
	GlobalSection(SolutionProperties) = preSolution
		HideSolutionNode = FALSE
	EndGlobalSection
	GlobalSection(ExtensibilityGlobals) = postSolution
		SolutionGuid = {5C497098-1FE2-4AA4-B893-D6FEB480458E}
	EndGlobalSection
EndGlobal
